{
  "name": "SeetCode",
  "lockfileVersion": 3,
  "requires": true,
  "packages": {
    "": {
      "dependencies": {
        "@datastructures-js/priority-queue": "github:datastructures-js/priority-queue"
      }
    },
    "node_modules/@datastructures-js/heap": {
      "version": "4.3.3",
      "resolved": "https://registry.npmjs.org/@datastructures-js/heap/-/heap-4.3.3.tgz",
      "integrity": "sha512-UcUu/DLh/aM4W3C8zZfwxxm6/6FIZUlm3mcAXuNOCa6Aj4iizNvNXQyb8DjZQH2jKSQbMRyNlngP6TPimuGjpQ=="
    },
    "node_modules/@datastructures-js/priority-queue": {
      "version": "6.3.1",
      "resolved": "git+ssh://git@github.com/datastructures-js/priority-queue.git#b968538cb02b6167132212e30afb093b9a2e10a2",
      "dependencies": {
        "@datastructures-js/heap": "^4.3.3"
      }
    }
  }
}
